
Microsoft Visual Studio Solution File, Format Version 12.00
# Visual Studio 14
VisualStudioVersion = 14.0.25420.1
MinimumVisualStudioVersion = 10.0.40219.1
Project("{FAE04EC0-301F-11D3-BF4B-00C04F79EFBC}") = "OOP.EF.Data", "OOP.EF.Data\OOP.EF.Data.csproj", "{2E18F29B-BDB0-42DD-8DE8-D643F5C6497B}"
EndProject
Project("{FAE04EC0-301F-11D3-BF4B-00C04F79EFBC}") = "OOP.EF.App", "OOP.EF.App\OOP.EF.App.csproj", "{B6317695-FD1F-4930-83B9-A61E6F518A14}"
EndProject
Global
	GlobalSection(SolutionConfigurationPlatforms) = preSolution
		Debug|Any CPU = Debug|Any CPU
		Release|Any CPU = Release|Any CPU
	EndGlobalSection
	GlobalSection(ProjectConfigurationPlatforms) = postSolution
		{2E18F29B-BDB0-42DD-8DE8-D643F5C6497B}.Debug|Any CPU.ActiveCfg = Debug|Any CPU
		{2E18F29B-BDB0-42DD-8DE8-D643F5C6497B}.Debug|Any CPU.Build.0 = Debug|Any CPU
		{2E18F29B-BDB0-42DD-8DE8-D643F5C6497B}.Release|Any CPU.ActiveCfg = Release|Any CPU
		{2E18F29B-BDB0-42DD-8DE8-D643F5C6497B}.Release|Any CPU.Build.0 = Release|Any CPU
		{B6317695-FD1F-4930-83B9-A61E6F518A14}.Debug|Any CPU.ActiveCfg = Debug|Any CPU
		{B6317695-FD1F-4930-83B9-A61E6F518A14}.Debug|Any CPU.Build.0 = Debug|Any CPU
		{B6317695-FD1F-4930-83B9-A61E6F518A14}.Release|Any CPU.ActiveCfg = Release|Any CPU
		{B6317695-FD1F-4930-83B9-A61E6F518A14}.Release|Any CPU.Build.0 = Release|Any CPU
	EndGlobalSection
	GlobalSection(SolutionProperties) = preSolution
		HideSolutionNode = FALSE
	EndGlobalSection
EndGlobal
