
Microsoft Visual Studio Solution File, Format Version 12.00
# Visual Studio 14
VisualStudioVersion = 14.0.25420.1
MinimumVisualStudioVersion = 10.0.40219.1
Project("{FAE04EC0-301F-11D3-BF4B-00C04F79EFBC}") = "PJ-LV(zatakat 2)", "PJ-LV(zatakat 2)\PJ-LV(zatakat 2).csproj", "{CDE1374A-23BB-4BE5-AC5A-01DD54FD7058}"
EndProject
Global
	GlobalSection(SolutionConfigurationPlatforms) = preSolution
		Debug|Any CPU = Debug|Any CPU
		Release|Any CPU = Release|Any CPU
	EndGlobalSection
	GlobalSection(ProjectConfigurationPlatforms) = postSolution
		{CDE1374A-23BB-4BE5-AC5A-01DD54FD7058}.Debug|Any CPU.ActiveCfg = Debug|Any CPU
		{CDE1374A-23BB-4BE5-AC5A-01DD54FD7058}.Debug|Any CPU.Build.0 = Debug|Any CPU
		{CDE1374A-23BB-4BE5-AC5A-01DD54FD7058}.Release|Any CPU.ActiveCfg = Release|Any CPU
		{CDE1374A-23BB-4BE5-AC5A-01DD54FD7058}.Release|Any CPU.Build.0 = Release|Any CPU
	EndGlobalSection
	GlobalSection(SolutionProperties) = preSolution
		HideSolutionNode = FALSE
	EndGlobalSection
EndGlobal
